// !$*UTF8*$!
{
	archiveVersion = 1;
	classes = {
	};
	objectVersion = 46;
	objects = {

/* Begin PBXBuildFile section */
		C80BA4A31CAB25C500106C09 /* AppDelegate.swift in Sources */ = {isa = PBXBuildFile; fileRef = C80BA4A21CAB25C500106C09 /* AppDelegate.swift */; };
		C80BA4A51CAB25C500106C09 /* ViewController.swift in Sources */ = {isa = PBXBuildFile; fileRef = C80BA4A41CAB25C500106C09 /* ViewController.swift */; };
		C80BA4A81CAB25C600106C09 /* Main.storyboard in Resources */ = {isa = PBXBuildFile; fileRef = C80BA4A61CAB25C600106C09 /* Main.storyboard */; };
		C80BA4AA1CAB25C600106C09 /* Assets.xcassets in Resources */ = {isa = PBXBuildFile; fileRef = C80BA4A91CAB25C600106C09 /* Assets.xcassets */; };
		C80BA4AD1CAB25C600106C09 /* LaunchScreen.storyboard in Resources */ = {isa = PBXBuildFile; fileRef = C80BA4AB1CAB25C600106C09 /* LaunchScreen.storyboard */; };
		C80BA4B71CAB278000106C09 /* TheBuffalos16.jpg in Resources */ = {isa = PBXBuildFile; fileRef = C80BA4B41CAB278000106C09 /* TheBuffalos16.jpg */; };
		C80BA4B81CAB278000106C09 /* TheCowboys16.jpg in Resources */ = {isa = PBXBuildFile; fileRef = C80BA4B51CAB278000106C09 /* TheCowboys16.jpg */; };
		C80BA4B91CAB278000106C09 /* TheMarshals16.jpg in Resources */ = {isa = PBXBuildFile; fileRef = C80BA4B61CAB278000106C09 /* TheMarshals16.jpg */; };
		C80BA4BC1CAB3E6A00106C09 /* LastPageViewController.swift in Sources */ = {isa = PBXBuildFile; fileRef = C80BA4BB1CAB3E6A00106C09 /* LastPageViewController.swift */; };
/* End PBXBuildFile section */

/* Begin PBXFileReference section */
		C80BA49F1CAB25C500106C09 /* Child View Controller.app */ = {isa = PBXFileReference; explicitFileType = wrapper.application; includeInIndex = 0; path = "Child View Controller.app"; sourceTree = BUILT_PRODUCTS_DIR; };
		C80BA4A21CAB25C500106C09 /* AppDelegate.swift */ = {isa = PBXFileReference; lastKnownFileType = sourcecode.swift; path = AppDelegate.swift; sourceTree = "<group>"; };
		C80BA4A41CAB25C500106C09 /* ViewController.swift */ = {isa = PBXFileReference; lastKnownFileType = sourcecode.swift; path = ViewController.swift; sourceTree = "<group>"; };
		C80BA4A71CAB25C600106C09 /* Base */ = {isa = PBXFileReference; lastKnownFileType = file.storyboard; name = Base; path = Base.lproj/Main.storyboard; sourceTree = "<group>"; };
		C80BA4A91CAB25C600106C09 /* Assets.xcassets */ = {isa = PBXFileReference; lastKnownFileType = folder.assetcatalog; path = Assets.xcassets; sourceTree = "<group>"; };
		C80BA4AC1CAB25C600106C09 /* Base */ = {isa = PBXFileReference; lastKnownFileType = file.storyboard; name = Base; path = Base.lproj/LaunchScreen.storyboard; sourceTree = "<group>"; };
		C80BA4AE1CAB25C600106C09 /* Info.plist */ = {isa = PBXFileReference; lastKnownFileType = text.plist.xml; path = Info.plist; sourceTree = "<group>"; };
		C80BA4B41CAB278000106C09 /* TheBuffalos16.jpg */ = {isa = PBXFileReference; lastKnownFileType = image.jpeg; path = TheBuffalos16.jpg; sourceTree = "<group>"; };
		C80BA4B51CAB278000106C09 /* TheCowboys16.jpg */ = {isa = PBXFileReference; lastKnownFileType = image.jpeg; path = TheCowboys16.jpg; sourceTree = "<group>"; };
		C80BA4B61CAB278000106C09 /* TheMarshals16.jpg */ = {isa = PBXFileReference; lastKnownFileType = image.jpeg; path = TheMarshals16.jpg; sourceTree = "<group>"; };
		C80BA4BB1CAB3E6A00106C09 /* LastPageViewController.swift */ = {isa = PBXFileReference; fileEncoding = 4; lastKnownFileType = sourcecode.swift; path = LastPageViewController.swift; sourceTree = "<group>"; };
/* End PBXFileReference section */

/* Begin PBXFrameworksBuildPhase section */
		C80BA49C1CAB25C500106C09 /* Frameworks */ = {
			isa = PBXFrameworksBuildPhase;
			buildActionMask = 2147483647;
			files = (
			);
			runOnlyForDeploymentPostprocessing = 0;
		};
/* End PBXFrameworksBuildPhase section */

/* Begin PBXGroup section */
		C80BA4961CAB25C500106C09 = {
			isa = PBXGroup;
			children = (
				C80BA4A11CAB25C500106C09 /* Child View Controller */,
				C80BA4A01CAB25C500106C09 /* Products */,
				C80BA4BA1CAB279500106C09 /* images */,
			);
			sourceTree = "<group>";
		};
		C80BA4A01CAB25C500106C09 /* Products */ = {
			isa = PBXGroup;
			children = (
				C80BA49F1CAB25C500106C09 /* Child View Controller.app */,
			);
			name = Products;
			sourceTree = "<group>";
		};
		C80BA4A11CAB25C500106C09 /* Child View Controller */ = {
			isa = PBXGroup;
			children = (
				C80BA4A21CAB25C500106C09 /* AppDelegate.swift */,
				C80BA4A41CAB25C500106C09 /* ViewController.swift */,
				C80BA4A61CAB25C600106C09 /* Main.storyboard */,
				C80BA4BB1CAB3E6A00106C09 /* LastPageViewController.swift */,
				C80BA4A91CAB25C600106C09 /* Assets.xcassets */,
				C80BA4AB1CAB25C600106C09 /* LaunchScreen.storyboard */,
				C80BA4AE1CAB25C600106C09 /* Info.plist */,
			);
			path = "Child View Controller";
			sourceTree = "<group>";
		};
		C80BA4BA1CAB279500106C09 /* images */ = {
			isa = PBXGroup;
			children = (
				C80BA4B61CAB278000106C09 /* TheMarshals16.jpg */,
				C80BA4B51CAB278000106C09 /* TheCowboys16.jpg */,
				C80BA4B41CAB278000106C09 /* TheBuffalos16.jpg */,
			);
			name = images;
			sourceTree = "<group>";
		};
/* End PBXGroup section */

/* Begin PBXNativeTarget section */
		C80BA49E1CAB25C500106C09 /* Child View Controller */ = {
			isa = PBXNativeTarget;
			buildConfigurationList = C80BA4B11CAB25C600106C09 /* Build configuration list for PBXNativeTarget "Child View Controller" */;
			buildPhases = (
				C80BA49B1CAB25C500106C09 /* Sources */,
				C80BA49C1CAB25C500106C09 /* Frameworks */,
				C80BA49D1CAB25C500106C09 /* Resources */,
			);
			buildRules = (
			);
			dependencies = (
			);
			name = "Child View Controller";
			productName = "Child View Controller";
			productReference = C80BA49F1CAB25C500106C09 /* Child View Controller.app */;
			productType = "com.apple.product-type.application";
		};
/* End PBXNativeTarget section */

/* Begin PBXProject section */
		C80BA4971CAB25C500106C09 /* Project object */ = {
			isa = PBXProject;
			attributes = {
				LastSwiftUpdateCheck = 0730;
				LastUpgradeCheck = 0730;
				ORGANIZATIONNAME = "Lotte Ravn";
				TargetAttributes = {
					C80BA49E1CAB25C500106C09 = {
						CreatedOnToolsVersion = 7.3;
					};
				};
			};
			buildConfigurationList = C80BA49A1CAB25C500106C09 /* Build configuration list for PBXProject "Child View Controller" */;
			compatibilityVersion = "Xcode 3.2";
			developmentRegion = English;
			hasScannedForEncodings = 0;
			knownRegions = (
				en,
				Base,
			);
			mainGroup = C80BA4961CAB25C500106C09;
			productRefGroup = C80BA4A01CAB25C500106C09 /* Products */;
			projectDirPath = "";
			projectRoot = "";
			targets = (
				C80BA49E1CAB25C500106C09 /* Child View Controller */,
			);
		};
/* End PBXProject section */

/* Begin PBXResourcesBuildPhase section */
		C80BA49D1CAB25C500106C09 /* Resources */ = {
			isa = PBXResourcesBuildPhase;
			buildActionMask = 2147483647;
			files = (
				C80BA4AD1CAB25C600106C09 /* LaunchScreen.storyboard in Resources */,
				C80BA4B91CAB278000106C09 /* TheMarshals16.jpg in Resources */,
				C80BA4AA1CAB25C600106C09 /* Assets.xcassets in Resources */,
				C80BA4B71CAB278000106C09 /* TheBuffalos16.jpg in Resources */,
				C80BA4B81CAB278000106C09 /* TheCowboys16.jpg in Resources */,
				C80BA4A81CAB25C600106C09 /* Main.storyboard in Resources */,
			);
			runOnlyForDeploymentPostprocessing = 0;
		};
/* End PBXResourcesBuildPhase section */

/* Begin PBXSourcesBuildPhase section */
		C80BA49B1CAB25C500106C09 /* Sources */ = {
			isa = PBXSourcesBuildPhase;
			buildActionMask = 2147483647;
			files = (
				C80BA4A51CAB25C500106C09 /* ViewController.swift in Sources */,
				C80BA4A31CAB25C500106C09 /* AppDelegate.swift in Sources */,
				C80BA4BC1CAB3E6A00106C09 /* LastPageViewController.swift in Sources */,
			);
			runOnlyForDeploymentPostprocessing = 0;
		};
/* End PBXSourcesBuildPhase section */

/* Begin PBXVariantGroup section */
		C80BA4A61CAB25C600106C09 /* Main.storyboard */ = {
			isa = PBXVariantGroup;
			children = (
				C80BA4A71CAB25C600106C09 /* Base */,
			);
			name = Main.storyboard;
			sourceTree = "<group>";
		};
		C80BA4AB1CAB25C600106C09 /* LaunchScreen.storyboard */ = {
			isa = PBXVariantGroup;
			children = (
				C80BA4AC1CAB25C600106C09 /* Base */,
			);
			name = LaunchScreen.storyboard;
			sourceTree = "<group>";
		};
/* End PBXVariantGroup section */

/* Begin XCBuildConfiguration section */
		C80BA4AF1CAB25C600106C09 /* Debug */ = {
			isa = XCBuildConfiguration;
			buildSettings = {
				ALWAYS_SEARCH_USER_PATHS = NO;
				CLANG_ANALYZER_NONNULL = YES;
				CLANG_CXX_LANGUAGE_STANDARD = "gnu++0x";
				CLANG_CXX_LIBRARY = "libc++";
				CLANG_ENABLE_MODULES = YES;
				CLANG_ENABLE_OBJC_ARC = YES;
				CLANG_WARN_BOOL_CONVERSION = YES;
				CLANG_WARN_CONSTANT_CONVERSION = YES;
				CLANG_WARN_DIRECT_OBJC_ISA_USAGE = YES_ERROR;
				CLANG_WARN_EMPTY_BODY = YES;
				CLANG_WARN_ENUM_CONVERSION = YES;
				CLANG_WARN_INT_CONVERSION = YES;
				CLANG_WARN_OBJC_ROOT_CLASS = YES_ERROR;
				CLANG_WARN_UNREACHABLE_CODE = YES;
				CLANG_WARN__DUPLICATE_METHOD_MATCH = YES;
				"CODE_SIGN_IDENTITY[sdk=iphoneos*]" = "iPhone Developer";
				COPY_PHASE_STRIP = NO;
				DEBUG_INFORMATION_FORMAT = dwarf;
				ENABLE_STRICT_OBJC_MSGSEND = YES;
				ENABLE_TESTABILITY = YES;
				GCC_C_LANGUAGE_STANDARD = gnu99;
				GCC_DYNAMIC_NO_PIC = NO;
				GCC_NO_COMMON_BLOCKS = YES;
				GCC_OPTIMIZATION_LEVEL = 0;
				GCC_PREPROCESSOR_DEFINITIONS = (
					"DEBUG=1",
					"$(inherited)",
				);
				GCC_WARN_64_TO_32_BIT_CONVERSION = YES;
				GCC_WARN_ABOUT_RETURN_TYPE = YES_ERROR;
				GCC_WARN_UNDECLARED_SELECTOR = YES;
				GCC_WARN_UNINITIALIZED_AUTOS = YES_AGGRESSIVE;
				GCC_WARN_UNUSED_FUNCTION = YES;
				GCC_WARN_UNUSED_VARIABLE = YES;
				IPHONEOS_DEPLOYMENT_TARGET = 9.3;
				MTL_ENABLE_DEBUG_INFO = YES;
				ONLY_ACTIVE_ARCH = YES;
				SDKROOT = iphoneos;
				SWIFT_OPTIMIZATION_LEVEL = "-Onone";
			};
			name = Debug;
		};
		C80BA4B01CAB25C600106C09 /* Release */ = {
			isa = XCBuildConfiguration;
			buildSettings = {
				ALWAYS_SEARCH_USER_PATHS = NO;
				CLANG_ANALYZER_NONNULL = YES;
				CLANG_CXX_LANGUAGE_STANDARD = "gnu++0x";
				CLANG_CXX_LIBRARY = "libc++";
				CLANG_ENABLE_MODULES = YES;
				CLANG_ENABLE_OBJC_ARC = YES;
				CLANG_WARN_BOOL_CONVERSION = YES;
				CLANG_WARN_CONSTANT_CONVERSION = YES;
				CLANG_WARN_DIRECT_OBJC_ISA_USAGE = YES_ERROR;
				CLANG_WARN_EMPTY_BODY = YES;
				CLANG_WARN_ENUM_CONVERSION = YES;
				CLANG_WARN_INT_CONVERSION = YES;
				CLANG_WARN_OBJC_ROOT_CLASS = YES_ERROR;
				CLANG_WARN_UNREACHABLE_CODE = YES;
				CLANG_WARN__DUPLICATE_METHOD_MATCH = YES;
				"CODE_SIGN_IDENTITY[sdk=iphoneos*]" = "iPhone Developer";
				COPY_PHASE_STRIP = NO;
				DEBUG_INFORMATION_FORMAT = "dwarf-with-dsym";
				ENABLE_NS_ASSERTIONS = NO;
				ENABLE_STRICT_OBJC_MSGSEND = YES;
				GCC_C_LANGUAGE_STANDARD = gnu99;
				GCC_NO_COMMON_BLOCKS = YES;
				GCC_WARN_64_TO_32_BIT_CONVERSION = YES;
				GCC_WARN_ABOUT_RETURN_TYPE = YES_ERROR;
				GCC_WARN_UNDECLARED_SELECTOR = YES;
				GCC_WARN_UNINITIALIZED_AUTOS = YES_AGGRESSIVE;
				GCC_WARN_UNUSED_FUNCTION = YES;
				GCC_WARN_UNUSED_VARIABLE = YES;
				IPHONEOS_DEPLOYMENT_TARGET = 9.3;
				MTL_ENABLE_DEBUG_INFO = NO;
				SDKROOT = iphoneos;
				VALIDATE_PRODUCT = YES;
			};
			name = Release;
		};
		C80BA4B21CAB25C600106C09 /* Debug */ = {
			isa = XCBuildConfiguration;
			buildSettings = {
				ASSETCATALOG_COMPILER_APPICON_NAME = AppIcon;
				INFOPLIST_FILE = "Child View Controller/Info.plist";
				LD_RUNPATH_SEARCH_PATHS = "$(inherited) @executable_path/Frameworks";
				PRODUCT_BUNDLE_IDENTIFIER = "dk.lotteravn.Child-View-Controller";
				PRODUCT_NAME = "$(TARGET_NAME)";
			};
			name = Debug;
		};
		C80BA4B31CAB25C600106C09 /* Release */ = {
			isa = XCBuildConfiguration;
			buildSettings = {
				ASSETCATALOG_COMPILER_APPICON_NAME = AppIcon;
				INFOPLIST_FILE = "Child View Controller/Info.plist";
				LD_RUNPATH_SEARCH_PATHS = "$(inherited) @executable_path/Frameworks";
				PRODUCT_BUNDLE_IDENTIFIER = "dk.lotteravn.Child-View-Controller";
				PRODUCT_NAME = "$(TARGET_NAME)";
			};
			name = Release;
		};
/* End XCBuildConfiguration section */

/* Begin XCConfigurationList section */
		C80BA49A1CAB25C500106C09 /* Build configuration list for PBXProject "Child View Controller" */ = {
			isa = XCConfigurationList;
			buildConfigurations = (
				C80BA4AF1CAB25C600106C09 /* Debug */,
				C80BA4B01CAB25C600106C09 /* Release */,
			);
			defaultConfigurationIsVisible = 0;
			defaultConfigurationName = Release;
		};
		C80BA4B11CAB25C600106C09 /* Build configuration list for PBXNativeTarget "Child View Controller" */ = {
			isa = XCConfigurationList;
			buildConfigurations = (
				C80BA4B21CAB25C600106C09 /* Debug */,
				C80BA4B31CAB25C600106C09 /* Release */,
			);
			defaultConfigurationIsVisible = 0;
		};
/* End XCConfigurationList section */
	};
	rootObject = C80BA4971CAB25C500106C09 /* Project object */;
}
